// !$*UTF8*$!
{
	archiveVersion = 1;
	classes = {
	};
	objectVersion = 56;
	objects = {

/* Begin PBXBuildFile section */
		49F3B9A92C5DC7CD004FAF69 /* betMLBApp.swift in Sources */ = {isa = PBXBuildFile; fileRef = 49F3B9A82C5DC7CD004FAF69 /* betMLBApp.swift */; };
		49F3B9AB2C5DC7CD004FAF69 /* ContentView.swift in Sources */ = {isa = PBXBuildFile; fileRef = 49F3B9AA2C5DC7CD004FAF69 /* ContentView.swift */; };
		49F3B9AD2C5DC7CF004FAF69 /* Assets.xcassets in Resources */ = {isa = PBXBuildFile; fileRef = 49F3B9AC2C5DC7CF004FAF69 /* Assets.xcassets */; };
		49F3B9B02C5DC7CF004FAF69 /* Preview Assets.xcassets in Resources */ = {isa = PBXBuildFile; fileRef = 49F3B9AF2C5DC7CF004FAF69 /* Preview Assets.xcassets */; };
		49F3B9C42C5F066D004FAF69 /* Tab.swift in Sources */ = {isa = PBXBuildFile; fileRef = 49F3B9C32C5F066D004FAF69 /* Tab.swift */; };
		49F3B9CB2C5F1438004FAF69 /* CalendarView.swift in Sources */ = {isa = PBXBuildFile; fileRef = 49F3B9CA2C5F1438004FAF69 /* CalendarView.swift */; };
		49F3B9D02C5F18A4004FAF69 /* Extensions.swift in Sources */ = {isa = PBXBuildFile; fileRef = 49F3B9CF2C5F18A4004FAF69 /* Extensions.swift */; };
		49F3B9D22C5F2BB5004FAF69 /* Day.swift in Sources */ = {isa = PBXBuildFile; fileRef = 49F3B9D12C5F2BB5004FAF69 /* Day.swift */; };
		49F3B9EF2C5F8783004FAF69 /* TeamIDMapping.swift in Sources */ = {isa = PBXBuildFile; fileRef = 49F3B9EE2C5F8783004FAF69 /* TeamIDMapping.swift */; };
		49F3B9F92C605D17004FAF69 /* Player.swift in Sources */ = {isa = PBXBuildFile; fileRef = 49F3B9F82C605D17004FAF69 /* Player.swift */; };
		49F3B9FB2C60634D004FAF69 /* DictionaryMaker.swift in Sources */ = {isa = PBXBuildFile; fileRef = 49F3B9FA2C60634D004FAF69 /* DictionaryMaker.swift */; };
		49F3B9FD2C6069FE004FAF69 /* TestView.swift in Sources */ = {isa = PBXBuildFile; fileRef = 49F3B9FC2C6069FE004FAF69 /* TestView.swift */; };
		49F3B9FF2C606B83004FAF69 /* TestViewVM.swift in Sources */ = {isa = PBXBuildFile; fileRef = 49F3B9FE2C606B83004FAF69 /* TestViewVM.swift */; };
/* End PBXBuildFile section */

/* Begin PBXFileReference section */
		49F3B9A52C5DC7CD004FAF69 /* betMLB.app */ = {isa = PBXFileReference; explicitFileType = wrapper.application; includeInIndex = 0; path = betMLB.app; sourceTree = BUILT_PRODUCTS_DIR; };
		49F3B9A82C5DC7CD004FAF69 /* betMLBApp.swift */ = {isa = PBXFileReference; lastKnownFileType = sourcecode.swift; path = betMLBApp.swift; sourceTree = "<group>"; };
		49F3B9AA2C5DC7CD004FAF69 /* ContentView.swift */ = {isa = PBXFileReference; lastKnownFileType = sourcecode.swift; path = ContentView.swift; sourceTree = "<group>"; };
		49F3B9AC2C5DC7CF004FAF69 /* Assets.xcassets */ = {isa = PBXFileReference; lastKnownFileType = folder.assetcatalog; path = Assets.xcassets; sourceTree = "<group>"; };
		49F3B9AF2C5DC7CF004FAF69 /* Preview Assets.xcassets */ = {isa = PBXFileReference; lastKnownFileType = folder.assetcatalog; path = "Preview Assets.xcassets"; sourceTree = "<group>"; };
		49F3B9C32C5F066D004FAF69 /* Tab.swift */ = {isa = PBXFileReference; lastKnownFileType = sourcecode.swift; path = Tab.swift; sourceTree = "<group>"; };
		49F3B9CA2C5F1438004FAF69 /* CalendarView.swift */ = {isa = PBXFileReference; lastKnownFileType = sourcecode.swift; path = CalendarView.swift; sourceTree = "<group>"; };
		49F3B9CF2C5F18A4004FAF69 /* Extensions.swift */ = {isa = PBXFileReference; lastKnownFileType = sourcecode.swift; path = Extensions.swift; sourceTree = "<group>"; };
		49F3B9D12C5F2BB5004FAF69 /* Day.swift */ = {isa = PBXFileReference; lastKnownFileType = sourcecode.swift; path = Day.swift; sourceTree = "<group>"; };
		49F3B9EE2C5F8783004FAF69 /* TeamIDMapping.swift */ = {isa = PBXFileReference; lastKnownFileType = sourcecode.swift; path = TeamIDMapping.swift; sourceTree = "<group>"; };
		49F3B9F82C605D17004FAF69 /* Player.swift */ = {isa = PBXFileReference; lastKnownFileType = sourcecode.swift; path = Player.swift; sourceTree = "<group>"; };
		49F3B9FA2C60634D004FAF69 /* DictionaryMaker.swift */ = {isa = PBXFileReference; lastKnownFileType = sourcecode.swift; path = DictionaryMaker.swift; sourceTree = "<group>"; };
		49F3B9FC2C6069FE004FAF69 /* TestView.swift */ = {isa = PBXFileReference; lastKnownFileType = sourcecode.swift; path = TestView.swift; sourceTree = "<group>"; };
		49F3B9FE2C606B83004FAF69 /* TestViewVM.swift */ = {isa = PBXFileReference; lastKnownFileType = sourcecode.swift; path = TestViewVM.swift; sourceTree = "<group>"; };
/* End PBXFileReference section */

/* Begin PBXFrameworksBuildPhase section */
		49F3B9A22C5DC7CD004FAF69 /* Frameworks */ = {
			isa = PBXFrameworksBuildPhase;
			buildActionMask = 2147483647;
			files = (
			);
			runOnlyForDeploymentPostprocessing = 0;
		};
/* End PBXFrameworksBuildPhase section */

/* Begin PBXGroup section */
		49F3B99C2C5DC7CD004FAF69 = {
			isa = PBXGroup;
			children = (
				49F3B9A72C5DC7CD004FAF69 /* betMLB */,
				49F3B9A62C5DC7CD004FAF69 /* Products */,
			);
			sourceTree = "<group>";
		};
		49F3B9A62C5DC7CD004FAF69 /* Products */ = {
			isa = PBXGroup;
			children = (
				49F3B9A52C5DC7CD004FAF69 /* betMLB.app */,
			);
			name = Products;
			sourceTree = "<group>";
		};
		49F3B9A72C5DC7CD004FAF69 /* betMLB */ = {
			isa = PBXGroup;
			children = (
				49F3B9A82C5DC7CD004FAF69 /* betMLBApp.swift */,
				49F3B9AA2C5DC7CD004FAF69 /* ContentView.swift */,
				49F3B9C52C5F079D004FAF69 /* TabBar */,
				49F3B9CC2C5F144A004FAF69 /* Calendar */,
				49F3B9BC2C5DD1E8004FAF69 /* Player */,
				49F3B9CF2C5F18A4004FAF69 /* Extensions.swift */,
				49F3B9EE2C5F8783004FAF69 /* TeamIDMapping.swift */,
				49F3B9AC2C5DC7CF004FAF69 /* Assets.xcassets */,
				49F3B9AE2C5DC7CF004FAF69 /* Preview Content */,
			);
			path = betMLB;
			sourceTree = "<group>";
		};
		49F3B9AE2C5DC7CF004FAF69 /* Preview Content */ = {
			isa = PBXGroup;
			children = (
				49F3B9AF2C5DC7CF004FAF69 /* Preview Assets.xcassets */,
			);
			path = "Preview Content";
			sourceTree = "<group>";
		};
		49F3B9BC2C5DD1E8004FAF69 /* Player */ = {
			isa = PBXGroup;
			children = (
				49F3B9FC2C6069FE004FAF69 /* TestView.swift */,
				49F3B9FE2C606B83004FAF69 /* TestViewVM.swift */,
				49F3B9F82C605D17004FAF69 /* Player.swift */,
				49F3B9FA2C60634D004FAF69 /* DictionaryMaker.swift */,
			);
			path = Player;
			sourceTree = "<group>";
		};
		49F3B9C52C5F079D004FAF69 /* TabBar */ = {
			isa = PBXGroup;
			children = (
				49F3B9C32C5F066D004FAF69 /* Tab.swift */,
			);
			path = TabBar;
			sourceTree = "<group>";
		};
		49F3B9CC2C5F144A004FAF69 /* Calendar */ = {
			isa = PBXGroup;
			children = (
				49F3B9D12C5F2BB5004FAF69 /* Day.swift */,
				49F3B9CA2C5F1438004FAF69 /* CalendarView.swift */,
			);
			path = Calendar;
			sourceTree = "<group>";
		};
/* End PBXGroup section */

/* Begin PBXNativeTarget section */
		49F3B9A42C5DC7CD004FAF69 /* betMLB */ = {
			isa = PBXNativeTarget;
			buildConfigurationList = 49F3B9B32C5DC7CF004FAF69 /* Build configuration list for PBXNativeTarget "betMLB" */;
			buildPhases = (
				49F3B9A12C5DC7CD004FAF69 /* Sources */,
				49F3B9A22C5DC7CD004FAF69 /* Frameworks */,
				49F3B9A32C5DC7CD004FAF69 /* Resources */,
			);
			buildRules = (
			);
			dependencies = (
			);
			name = betMLB;
			productName = betMLB;
			productReference = 49F3B9A52C5DC7CD004FAF69 /* betMLB.app */;
			productType = "com.apple.product-type.application";
		};
/* End PBXNativeTarget section */

/* Begin PBXProject section */
		49F3B99D2C5DC7CD004FAF69 /* Project object */ = {
			isa = PBXProject;
			attributes = {
				BuildIndependentTargetsInParallel = 1;
				LastSwiftUpdateCheck = 1540;
				LastUpgradeCheck = 1540;
				TargetAttributes = {
					49F3B9A42C5DC7CD004FAF69 = {
						CreatedOnToolsVersion = 15.4;
					};
				};
			};
			buildConfigurationList = 49F3B9A02C5DC7CD004FAF69 /* Build configuration list for PBXProject "betMLB" */;
			compatibilityVersion = "Xcode 14.0";
			developmentRegion = en;
			hasScannedForEncodings = 0;
			knownRegions = (
				en,
				Base,
			);
			mainGroup = 49F3B99C2C5DC7CD004FAF69;
			productRefGroup = 49F3B9A62C5DC7CD004FAF69 /* Products */;
			projectDirPath = "";
			projectRoot = "";
			targets = (
				49F3B9A42C5DC7CD004FAF69 /* betMLB */,
			);
		};
/* End PBXProject section */

/* Begin PBXResourcesBuildPhase section */
		49F3B9A32C5DC7CD004FAF69 /* Resources */ = {
			isa = PBXResourcesBuildPhase;
			buildActionMask = 2147483647;
			files = (
				49F3B9B02C5DC7CF004FAF69 /* Preview Assets.xcassets in Resources */,
				49F3B9AD2C5DC7CF004FAF69 /* Assets.xcassets in Resources */,
			);
			runOnlyForDeploymentPostprocessing = 0;
		};
/* End PBXResourcesBuildPhase section */

/* Begin PBXSourcesBuildPhase section */
		49F3B9A12C5DC7CD004FAF69 /* Sources */ = {
			isa = PBXSourcesBuildPhase;
			buildActionMask = 2147483647;
			files = (
				49F3B9AB2C5DC7CD004FAF69 /* ContentView.swift in Sources */,
				49F3B9A92C5DC7CD004FAF69 /* betMLBApp.swift in Sources */,
				49F3B9CB2C5F1438004FAF69 /* CalendarView.swift in Sources */,
				49F3B9D02C5F18A4004FAF69 /* Extensions.swift in Sources */,
				49F3B9C42C5F066D004FAF69 /* Tab.swift in Sources */,
				49F3B9D22C5F2BB5004FAF69 /* Day.swift in Sources */,
				49F3B9FD2C6069FE004FAF69 /* TestView.swift in Sources */,
				49F3B9F92C605D17004FAF69 /* Player.swift in Sources */,
				49F3B9FB2C60634D004FAF69 /* DictionaryMaker.swift in Sources */,
				49F3B9EF2C5F8783004FAF69 /* TeamIDMapping.swift in Sources */,
				49F3B9FF2C606B83004FAF69 /* TestViewVM.swift in Sources */,
			);
			runOnlyForDeploymentPostprocessing = 0;
		};
/* End PBXSourcesBuildPhase section */

/* Begin XCBuildConfiguration section */
		49F3B9B12C5DC7CF004FAF69 /* Debug */ = {
			isa = XCBuildConfiguration;
			buildSettings = {
				ALWAYS_SEARCH_USER_PATHS = NO;
				ASSETCATALOG_COMPILER_GENERATE_SWIFT_ASSET_SYMBOL_EXTENSIONS = YES;
				CLANG_ANALYZER_NONNULL = YES;
				CLANG_ANALYZER_NUMBER_OBJECT_CONVERSION = YES_AGGRESSIVE;
				CLANG_CXX_LANGUAGE_STANDARD = "gnu++20";
				CLANG_ENABLE_MODULES = YES;
				CLANG_ENABLE_OBJC_ARC = YES;
				CLANG_ENABLE_OBJC_WEAK = YES;
				CLANG_WARN_BLOCK_CAPTURE_AUTORELEASING = YES;
				CLANG_WARN_BOOL_CONVERSION = YES;
				CLANG_WARN_COMMA = YES;
				CLANG_WARN_CONSTANT_CONVERSION = YES;
				CLANG_WARN_DEPRECATED_OBJC_IMPLEMENTATIONS = YES;
				CLANG_WARN_DIRECT_OBJC_ISA_USAGE = YES_ERROR;
				CLANG_WARN_DOCUMENTATION_COMMENTS = YES;
				CLANG_WARN_EMPTY_BODY = YES;
				CLANG_WARN_ENUM_CONVERSION = YES;
				CLANG_WARN_INFINITE_RECURSION = YES;
				CLANG_WARN_INT_CONVERSION = YES;
				CLANG_WARN_NON_LITERAL_NULL_CONVERSION = YES;
				CLANG_WARN_OBJC_IMPLICIT_RETAIN_SELF = YES;
				CLANG_WARN_OBJC_LITERAL_CONVERSION = YES;
				CLANG_WARN_OBJC_ROOT_CLASS = YES_ERROR;
				CLANG_WARN_QUOTED_INCLUDE_IN_FRAMEWORK_HEADER = YES;
				CLANG_WARN_RANGE_LOOP_ANALYSIS = YES;
				CLANG_WARN_STRICT_PROTOTYPES = YES;
				CLANG_WARN_SUSPICIOUS_MOVE = YES;
				CLANG_WARN_UNGUARDED_AVAILABILITY = YES_AGGRESSIVE;
				CLANG_WARN_UNREACHABLE_CODE = YES;
				CLANG_WARN__DUPLICATE_METHOD_MATCH = YES;
				COPY_PHASE_STRIP = NO;
				DEBUG_INFORMATION_FORMAT = dwarf;
				ENABLE_STRICT_OBJC_MSGSEND = YES;
				ENABLE_TESTABILITY = YES;
				ENABLE_USER_SCRIPT_SANDBOXING = YES;
				GCC_C_LANGUAGE_STANDARD = gnu17;
				GCC_DYNAMIC_NO_PIC = NO;
				GCC_NO_COMMON_BLOCKS = YES;
				GCC_OPTIMIZATION_LEVEL = 0;
				GCC_PREPROCESSOR_DEFINITIONS = (
					"DEBUG=1",
					"$(inherited)",
				);
				GCC_WARN_64_TO_32_BIT_CONVERSION = YES;
				GCC_WARN_ABOUT_RETURN_TYPE = YES_ERROR;
				GCC_WARN_UNDECLARED_SELECTOR = YES;
				GCC_WARN_UNINITIALIZED_AUTOS = YES_AGGRESSIVE;
				GCC_WARN_UNUSED_FUNCTION = YES;
				GCC_WARN_UNUSED_VARIABLE = YES;
				IPHONEOS_DEPLOYMENT_TARGET = 17.5;
				LOCALIZATION_PREFERS_STRING_CATALOGS = YES;
				MTL_ENABLE_DEBUG_INFO = INCLUDE_SOURCE;
				MTL_FAST_MATH = YES;
				ONLY_ACTIVE_ARCH = YES;
				SDKROOT = iphoneos;
				SWIFT_ACTIVE_COMPILATION_CONDITIONS = "DEBUG $(inherited)";
				SWIFT_OPTIMIZATION_LEVEL = "-Onone";
			};
			name = Debug;
		};
		49F3B9B22C5DC7CF004FAF69 /* Release */ = {
			isa = XCBuildConfiguration;
			buildSettings = {
				ALWAYS_SEARCH_USER_PATHS = NO;
				ASSETCATALOG_COMPILER_GENERATE_SWIFT_ASSET_SYMBOL_EXTENSIONS = YES;
				CLANG_ANALYZER_NONNULL = YES;
				CLANG_ANALYZER_NUMBER_OBJECT_CONVERSION = YES_AGGRESSIVE;
				CLANG_CXX_LANGUAGE_STANDARD = "gnu++20";
				CLANG_ENABLE_MODULES = YES;
				CLANG_ENABLE_OBJC_ARC = YES;
				CLANG_ENABLE_OBJC_WEAK = YES;
				CLANG_WARN_BLOCK_CAPTURE_AUTORELEASING = YES;
				CLANG_WARN_BOOL_CONVERSION = YES;
				CLANG_WARN_COMMA = YES;
				CLANG_WARN_CONSTANT_CONVERSION = YES;
				CLANG_WARN_DEPRECATED_OBJC_IMPLEMENTATIONS = YES;
				CLANG_WARN_DIRECT_OBJC_ISA_USAGE = YES_ERROR;
				CLANG_WARN_DOCUMENTATION_COMMENTS = YES;
				CLANG_WARN_EMPTY_BODY = YES;
				CLANG_WARN_ENUM_CONVERSION = YES;
				CLANG_WARN_INFINITE_RECURSION = YES;
				CLANG_WARN_INT_CONVERSION = YES;
				CLANG_WARN_NON_LITERAL_NULL_CONVERSION = YES;
				CLANG_WARN_OBJC_IMPLICIT_RETAIN_SELF = YES;
				CLANG_WARN_OBJC_LITERAL_CONVERSION = YES;
				CLANG_WARN_OBJC_ROOT_CLASS = YES_ERROR;
				CLANG_WARN_QUOTED_INCLUDE_IN_FRAMEWORK_HEADER = YES;
				CLANG_WARN_RANGE_LOOP_ANALYSIS = YES;
				CLANG_WARN_STRICT_PROTOTYPES = YES;
				CLANG_WARN_SUSPICIOUS_MOVE = YES;
				CLANG_WARN_UNGUARDED_AVAILABILITY = YES_AGGRESSIVE;
				CLANG_WARN_UNREACHABLE_CODE = YES;
				CLANG_WARN__DUPLICATE_METHOD_MATCH = YES;
				COPY_PHASE_STRIP = NO;
				DEBUG_INFORMATION_FORMAT = "dwarf-with-dsym";
				ENABLE_NS_ASSERTIONS = NO;
				ENABLE_STRICT_OBJC_MSGSEND = YES;
				ENABLE_USER_SCRIPT_SANDBOXING = YES;
				GCC_C_LANGUAGE_STANDARD = gnu17;
				GCC_NO_COMMON_BLOCKS = YES;
				GCC_WARN_64_TO_32_BIT_CONVERSION = YES;
				GCC_WARN_ABOUT_RETURN_TYPE = YES_ERROR;
				GCC_WARN_UNDECLARED_SELECTOR = YES;
				GCC_WARN_UNINITIALIZED_AUTOS = YES_AGGRESSIVE;
				GCC_WARN_UNUSED_FUNCTION = YES;
				GCC_WARN_UNUSED_VARIABLE = YES;
				IPHONEOS_DEPLOYMENT_TARGET = 17.5;
				LOCALIZATION_PREFERS_STRING_CATALOGS = YES;
				MTL_ENABLE_DEBUG_INFO = NO;
				MTL_FAST_MATH = YES;
				SDKROOT = iphoneos;
				SWIFT_COMPILATION_MODE = wholemodule;
				VALIDATE_PRODUCT = YES;
			};
			name = Release;
		};
		49F3B9B42C5DC7CF004FAF69 /* Debug */ = {
			isa = XCBuildConfiguration;
			buildSettings = {
				ASSETCATALOG_COMPILER_APPICON_NAME = AppIcon;
				ASSETCATALOG_COMPILER_GLOBAL_ACCENT_COLOR_NAME = AccentColor;
				CODE_SIGN_STYLE = Automatic;
				CURRENT_PROJECT_VERSION = 1;
				DEVELOPMENT_ASSET_PATHS = "\"betMLB/Preview Content\"";
				ENABLE_PREVIEWS = YES;
				GENERATE_INFOPLIST_FILE = YES;
				INFOPLIST_KEY_UIApplicationSceneManifest_Generation = YES;
				INFOPLIST_KEY_UIApplicationSupportsIndirectInputEvents = YES;
				INFOPLIST_KEY_UILaunchScreen_Generation = YES;
				INFOPLIST_KEY_UISupportedInterfaceOrientations_iPad = "UIInterfaceOrientationPortrait UIInterfaceOrientationPortraitUpsideDown UIInterfaceOrientationLandscapeLeft UIInterfaceOrientationLandscapeRight";
				INFOPLIST_KEY_UISupportedInterfaceOrientations_iPhone = "UIInterfaceOrientationPortrait UIInterfaceOrientationLandscapeLeft UIInterfaceOrientationLandscapeRight";
				LD_RUNPATH_SEARCH_PATHS = (
					"$(inherited)",
					"@executable_path/Frameworks",
				);
				MARKETING_VERSION = 1.0;
				PRODUCT_BUNDLE_IDENTIFIER = com.andrewxin.betMLB;
				PRODUCT_NAME = "$(TARGET_NAME)";
				SWIFT_EMIT_LOC_STRINGS = YES;
				SWIFT_VERSION = 5.0;
				TARGETED_DEVICE_FAMILY = "1,2";
			};
			name = Debug;
		};
		49F3B9B52C5DC7CF004FAF69 /* Release */ = {
			isa = XCBuildConfiguration;
			buildSettings = {
				ASSETCATALOG_COMPILER_APPICON_NAME = AppIcon;
				ASSETCATALOG_COMPILER_GLOBAL_ACCENT_COLOR_NAME = AccentColor;
				CODE_SIGN_STYLE = Automatic;
				CURRENT_PROJECT_VERSION = 1;
				DEVELOPMENT_ASSET_PATHS = "\"betMLB/Preview Content\"";
				ENABLE_PREVIEWS = YES;
				GENERATE_INFOPLIST_FILE = YES;
				INFOPLIST_KEY_UIApplicationSceneManifest_Generation = YES;
				INFOPLIST_KEY_UIApplicationSupportsIndirectInputEvents = YES;
				INFOPLIST_KEY_UILaunchScreen_Generation = YES;
				INFOPLIST_KEY_UISupportedInterfaceOrientations_iPad = "UIInterfaceOrientationPortrait UIInterfaceOrientationPortraitUpsideDown UIInterfaceOrientationLandscapeLeft UIInterfaceOrientationLandscapeRight";
				INFOPLIST_KEY_UISupportedInterfaceOrientations_iPhone = "UIInterfaceOrientationPortrait UIInterfaceOrientationLandscapeLeft UIInterfaceOrientationLandscapeRight";
				LD_RUNPATH_SEARCH_PATHS = (
					"$(inherited)",
					"@executable_path/Frameworks",
				);
				MARKETING_VERSION = 1.0;
				PRODUCT_BUNDLE_IDENTIFIER = com.andrewxin.betMLB;
				PRODUCT_NAME = "$(TARGET_NAME)";
				SWIFT_EMIT_LOC_STRINGS = YES;
				SWIFT_VERSION = 5.0;
				TARGETED_DEVICE_FAMILY = "1,2";
			};
			name = Release;
		};
/* End XCBuildConfiguration section */

/* Begin XCConfigurationList section */
		49F3B9A02C5DC7CD004FAF69 /* Build configuration list for PBXProject "betMLB" */ = {
			isa = XCConfigurationList;
			buildConfigurations = (
				49F3B9B12C5DC7CF004FAF69 /* Debug */,
				49F3B9B22C5DC7CF004FAF69 /* Release */,
			);
			defaultConfigurationIsVisible = 0;
			defaultConfigurationName = Release;
		};
		49F3B9B32C5DC7CF004FAF69 /* Build configuration list for PBXNativeTarget "betMLB" */ = {
			isa = XCConfigurationList;
			buildConfigurations = (
				49F3B9B42C5DC7CF004FAF69 /* Debug */,
				49F3B9B52C5DC7CF004FAF69 /* Release */,
			);
			defaultConfigurationIsVisible = 0;
			defaultConfigurationName = Release;
		};
/* End XCConfigurationList section */
	};
	rootObject = 49F3B99D2C5DC7CD004FAF69 /* Project object */;
}
